
Microsoft Visual Studio Solution File, Format Version 12.00
# Visual Studio Version 16
VisualStudioVersion = 16.0.30104.148
MinimumVisualStudioVersion = 15.0.26124.0
Project("{2150E333-8FDC-42A3-9474-1A3956D46DE8}") = "src", "src", "{6752F538-EF38-4D1D-82DF-ABB4430ED4A4}"
EndProject
Project("{9A19103F-16F7-4668-BE54-9A1E7A4F7556}") = "IdentityServer", "src\IdentityServer\IdentityServer.csproj", "{AFDACC68-CA2D-48EE-AE48-33EFD4CBA38A}"
EndProject
Project("{9A19103F-16F7-4668-BE54-9A1E7A4F7556}") = "Api", "src\Api\Api.csproj", "{4F8A19C1-2E58-4D45-9573-6BA84EF0F9A2}"
EndProject
Project("{9A19103F-16F7-4668-BE54-9A1E7A4F7556}") = "Client", "src\Client\Client.csproj", "{BEA4CEC7-5426-4207-81B3-C724B22E290D}"
EndProject
Project("{9A19103F-16F7-4668-BE54-9A1E7A4F7556}") = "MVCClient", "src\MVCClient\MVCClient.csproj", "{1CDEF594-CD1C-40E7-B0D1-22A49E533D52}"
EndProject
Project("{2150E333-8FDC-42A3-9474-1A3956D46DE8}") = "CUSTOM", "CUSTOM", "{CAC8295F-8E54-49C3-AF35-14407E0D0ADE}"
EndProject
Project("{FAE04EC0-301F-11D3-BF4B-00C04F79EFBC}") = "JavaScriptClient", "src\JavaScriptClient\JavaScriptClient.csproj", "{424E6BAC-A96D-4C4C-A3B5-7E1581E66766}"
EndProject
Global
	GlobalSection(SolutionConfigurationPlatforms) = preSolution
		Debug|Any CPU = Debug|Any CPU
		Debug|x64 = Debug|x64
		Debug|x86 = Debug|x86
		Release|Any CPU = Release|Any CPU
		Release|x64 = Release|x64
		Release|x86 = Release|x86
	EndGlobalSection
	GlobalSection(ProjectConfigurationPlatforms) = postSolution
		{AFDACC68-CA2D-48EE-AE48-33EFD4CBA38A}.Debug|Any CPU.ActiveCfg = Debug|Any CPU
		{AFDACC68-CA2D-48EE-AE48-33EFD4CBA38A}.Debug|Any CPU.Build.0 = Debug|Any CPU
		{AFDACC68-CA2D-48EE-AE48-33EFD4CBA38A}.Debug|x64.ActiveCfg = Debug|Any CPU
		{AFDACC68-CA2D-48EE-AE48-33EFD4CBA38A}.Debug|x64.Build.0 = Debug|Any CPU
		{AFDACC68-CA2D-48EE-AE48-33EFD4CBA38A}.Debug|x86.ActiveCfg = Debug|Any CPU
		{AFDACC68-CA2D-48EE-AE48-33EFD4CBA38A}.Debug|x86.Build.0 = Debug|Any CPU
		{AFDACC68-CA2D-48EE-AE48-33EFD4CBA38A}.Release|Any CPU.ActiveCfg = Release|Any CPU
		{AFDACC68-CA2D-48EE-AE48-33EFD4CBA38A}.Release|Any CPU.Build.0 = Release|Any CPU
		{AFDACC68-CA2D-48EE-AE48-33EFD4CBA38A}.Release|x64.ActiveCfg = Release|Any CPU
		{AFDACC68-CA2D-48EE-AE48-33EFD4CBA38A}.Release|x64.Build.0 = Release|Any CPU
		{AFDACC68-CA2D-48EE-AE48-33EFD4CBA38A}.Release|x86.ActiveCfg = Release|Any CPU
		{AFDACC68-CA2D-48EE-AE48-33EFD4CBA38A}.Release|x86.Build.0 = Release|Any CPU
		{4F8A19C1-2E58-4D45-9573-6BA84EF0F9A2}.Debug|Any CPU.ActiveCfg = Debug|Any CPU
		{4F8A19C1-2E58-4D45-9573-6BA84EF0F9A2}.Debug|Any CPU.Build.0 = Debug|Any CPU
		{4F8A19C1-2E58-4D45-9573-6BA84EF0F9A2}.Debug|x64.ActiveCfg = Debug|Any CPU
		{4F8A19C1-2E58-4D45-9573-6BA84EF0F9A2}.Debug|x64.Build.0 = Debug|Any CPU
		{4F8A19C1-2E58-4D45-9573-6BA84EF0F9A2}.Debug|x86.ActiveCfg = Debug|Any CPU
		{4F8A19C1-2E58-4D45-9573-6BA84EF0F9A2}.Debug|x86.Build.0 = Debug|Any CPU
		{4F8A19C1-2E58-4D45-9573-6BA84EF0F9A2}.Release|Any CPU.ActiveCfg = Release|Any CPU
		{4F8A19C1-2E58-4D45-9573-6BA84EF0F9A2}.Release|Any CPU.Build.0 = Release|Any CPU
		{4F8A19C1-2E58-4D45-9573-6BA84EF0F9A2}.Release|x64.ActiveCfg = Release|Any CPU
		{4F8A19C1-2E58-4D45-9573-6BA84EF0F9A2}.Release|x64.Build.0 = Release|Any CPU
		{4F8A19C1-2E58-4D45-9573-6BA84EF0F9A2}.Release|x86.ActiveCfg = Release|Any CPU
		{4F8A19C1-2E58-4D45-9573-6BA84EF0F9A2}.Release|x86.Build.0 = Release|Any CPU
		{BEA4CEC7-5426-4207-81B3-C724B22E290D}.Debug|Any CPU.ActiveCfg = Debug|Any CPU
		{BEA4CEC7-5426-4207-81B3-C724B22E290D}.Debug|Any CPU.Build.0 = Debug|Any CPU
		{BEA4CEC7-5426-4207-81B3-C724B22E290D}.Debug|x64.ActiveCfg = Debug|Any CPU
		{BEA4CEC7-5426-4207-81B3-C724B22E290D}.Debug|x64.Build.0 = Debug|Any CPU
		{BEA4CEC7-5426-4207-81B3-C724B22E290D}.Debug|x86.ActiveCfg = Debug|Any CPU
		{BEA4CEC7-5426-4207-81B3-C724B22E290D}.Debug|x86.Build.0 = Debug|Any CPU
		{BEA4CEC7-5426-4207-81B3-C724B22E290D}.Release|Any CPU.ActiveCfg = Release|Any CPU
		{BEA4CEC7-5426-4207-81B3-C724B22E290D}.Release|Any CPU.Build.0 = Release|Any CPU
		{BEA4CEC7-5426-4207-81B3-C724B22E290D}.Release|x64.ActiveCfg = Release|Any CPU
		{BEA4CEC7-5426-4207-81B3-C724B22E290D}.Release|x64.Build.0 = Release|Any CPU
		{BEA4CEC7-5426-4207-81B3-C724B22E290D}.Release|x86.ActiveCfg = Release|Any CPU
		{BEA4CEC7-5426-4207-81B3-C724B22E290D}.Release|x86.Build.0 = Release|Any CPU
		{1CDEF594-CD1C-40E7-B0D1-22A49E533D52}.Debug|Any CPU.ActiveCfg = Debug|Any CPU
		{1CDEF594-CD1C-40E7-B0D1-22A49E533D52}.Debug|Any CPU.Build.0 = Debug|Any CPU
		{1CDEF594-CD1C-40E7-B0D1-22A49E533D52}.Debug|x64.ActiveCfg = Debug|Any CPU
		{1CDEF594-CD1C-40E7-B0D1-22A49E533D52}.Debug|x64.Build.0 = Debug|Any CPU
		{1CDEF594-CD1C-40E7-B0D1-22A49E533D52}.Debug|x86.ActiveCfg = Debug|Any CPU
		{1CDEF594-CD1C-40E7-B0D1-22A49E533D52}.Debug|x86.Build.0 = Debug|Any CPU
		{1CDEF594-CD1C-40E7-B0D1-22A49E533D52}.Release|Any CPU.ActiveCfg = Release|Any CPU
		{1CDEF594-CD1C-40E7-B0D1-22A49E533D52}.Release|Any CPU.Build.0 = Release|Any CPU
		{1CDEF594-CD1C-40E7-B0D1-22A49E533D52}.Release|x64.ActiveCfg = Release|Any CPU
		{1CDEF594-CD1C-40E7-B0D1-22A49E533D52}.Release|x64.Build.0 = Release|Any CPU
		{1CDEF594-CD1C-40E7-B0D1-22A49E533D52}.Release|x86.ActiveCfg = Release|Any CPU
		{1CDEF594-CD1C-40E7-B0D1-22A49E533D52}.Release|x86.Build.0 = Release|Any CPU
		{424E6BAC-A96D-4C4C-A3B5-7E1581E66766}.Debug|Any CPU.ActiveCfg = Debug|Any CPU
		{424E6BAC-A96D-4C4C-A3B5-7E1581E66766}.Debug|Any CPU.Build.0 = Debug|Any CPU
		{424E6BAC-A96D-4C4C-A3B5-7E1581E66766}.Debug|x64.ActiveCfg = Debug|Any CPU
		{424E6BAC-A96D-4C4C-A3B5-7E1581E66766}.Debug|x64.Build.0 = Debug|Any CPU
		{424E6BAC-A96D-4C4C-A3B5-7E1581E66766}.Debug|x86.ActiveCfg = Debug|Any CPU
		{424E6BAC-A96D-4C4C-A3B5-7E1581E66766}.Debug|x86.Build.0 = Debug|Any CPU
		{424E6BAC-A96D-4C4C-A3B5-7E1581E66766}.Release|Any CPU.ActiveCfg = Release|Any CPU
		{424E6BAC-A96D-4C4C-A3B5-7E1581E66766}.Release|Any CPU.Build.0 = Release|Any CPU
		{424E6BAC-A96D-4C4C-A3B5-7E1581E66766}.Release|x64.ActiveCfg = Release|Any CPU
		{424E6BAC-A96D-4C4C-A3B5-7E1581E66766}.Release|x64.Build.0 = Release|Any CPU
		{424E6BAC-A96D-4C4C-A3B5-7E1581E66766}.Release|x86.ActiveCfg = Release|Any CPU
		{424E6BAC-A96D-4C4C-A3B5-7E1581E66766}.Release|x86.Build.0 = Release|Any CPU
	EndGlobalSection
	GlobalSection(SolutionProperties) = preSolution
		HideSolutionNode = FALSE
	EndGlobalSection
	GlobalSection(NestedProjects) = preSolution
		{AFDACC68-CA2D-48EE-AE48-33EFD4CBA38A} = {6752F538-EF38-4D1D-82DF-ABB4430ED4A4}
		{4F8A19C1-2E58-4D45-9573-6BA84EF0F9A2} = {6752F538-EF38-4D1D-82DF-ABB4430ED4A4}
		{BEA4CEC7-5426-4207-81B3-C724B22E290D} = {6752F538-EF38-4D1D-82DF-ABB4430ED4A4}
		{1CDEF594-CD1C-40E7-B0D1-22A49E533D52} = {6752F538-EF38-4D1D-82DF-ABB4430ED4A4}
		{CAC8295F-8E54-49C3-AF35-14407E0D0ADE} = {6752F538-EF38-4D1D-82DF-ABB4430ED4A4}
		{424E6BAC-A96D-4C4C-A3B5-7E1581E66766} = {6752F538-EF38-4D1D-82DF-ABB4430ED4A4}
	EndGlobalSection
	GlobalSection(ExtensibilityGlobals) = postSolution
		SolutionGuid = {91595460-93E8-491B-B362-69BE3C91E3F6}
	EndGlobalSection
EndGlobal
